
Microsoft Visual Studio Solution File, Format Version 12.00
# Visual Studio Version 16
VisualStudioVersion = 16.0.31313.79
MinimumVisualStudioVersion = 10.0.40219.1
Project("{2150E333-8FDC-42A3-9474-1A3956D46DE8}") = "DataAccess", "DataAccess", "{8F1C9ED5-4F16-4C82-BB0E-319A9D91F494}"
EndProject
Project("{2150E333-8FDC-42A3-9474-1A3956D46DE8}") = "Business", "Business", "{7C358F45-EDD7-4C72-BCB9-1EFE6FB53D71}"
EndProject
Project("{2150E333-8FDC-42A3-9474-1A3956D46DE8}") = "UI", "UI", "{5544D750-5B9D-491F-8855-0114B1DF7FBF}"
EndProject
Project("{2150E333-8FDC-42A3-9474-1A3956D46DE8}") = "Entities", "Entities", "{DC2BFA49-AC20-45C7-BF61-F11AA139C12C}"
EndProject
Project("{FAE04EC0-301F-11D3-BF4B-00C04F79EFBC}") = "ChatBot.Entities", "ChatBot.Entities\ChatBot.Entities.csproj", "{CD08BD08-A6CD-4433-AC69-F34447F1EB50}"
EndProject
Project("{FAE04EC0-301F-11D3-BF4B-00C04F79EFBC}") = "ChatBot.Business", "ChatBot.Business\ChatBot.Business.csproj", "{83E1951E-A5C6-4E47-836B-3CDF60A98E8A}"
EndProject
Project("{FAE04EC0-301F-11D3-BF4B-00C04F79EFBC}") = "ChatBot.DataAccess", "ChatBot.DataAccess\ChatBot.DataAccess.csproj", "{58FE6D2E-06AB-4DB5-984F-C2FF222AECA0}"
EndProject
Project("{2150E333-8FDC-42A3-9474-1A3956D46DE8}") = "Tests", "Tests", "{334B0011-8B58-4DB3-8B37-D1DA8BE263CB}"
EndProject
Project("{2150E333-8FDC-42A3-9474-1A3956D46DE8}") = "DataAccessTest", "DataAccessTest", "{0F0BD076-E2AF-43B5-9630-7A7072413723}"
EndProject
Project("{FAE04EC0-301F-11D3-BF4B-00C04F79EFBC}") = "DataAccessTest", "DataAccessTest\DataAccessTest.csproj", "{47562ED0-E57B-420B-8B0B-8644614FFC6D}"
EndProject
Project("{54435603-DBB4-11D2-8724-00A0C9A8B90C}") = "ChatBot", "Setup\Setup.vdproj", "{C11F82A4-4E3C-41CE-83A6-4EFD9EC8D1C1}"
EndProject
Project("{9A19103F-16F7-4668-BE54-9A1E7A4F7556}") = "ChatAppUI", "ChatAppUI\ChatAppUI.csproj", "{A3BD13EF-821C-4937-A0AD-7FAF931909BC}"
EndProject
Project("{2150E333-8FDC-42A3-9474-1A3956D46DE8}") = "Core", "Core", "{C0A1FDF9-6FA3-4B68-B233-C44C131553EC}"
EndProject
Project("{2150E333-8FDC-42A3-9474-1A3956D46DE8}") = "DriverCore", "DriverCore", "{2E4B0302-1DA2-459E-A15B-85419A0D507D}"
EndProject
Project("{FAE04EC0-301F-11D3-BF4B-00C04F79EFBC}") = "WebDriverCore", "WebDriverCore\WebDriverCore.csproj", "{4CE8FBA1-7C25-4C60-AFB2-D56407BAEFEA}"
EndProject
Global
	GlobalSection(SolutionConfigurationPlatforms) = preSolution
		Debug|Any CPU = Debug|Any CPU
		Release|Any CPU = Release|Any CPU
	EndGlobalSection
	GlobalSection(ProjectConfigurationPlatforms) = postSolution
		{CD08BD08-A6CD-4433-AC69-F34447F1EB50}.Debug|Any CPU.ActiveCfg = Debug|Any CPU
		{CD08BD08-A6CD-4433-AC69-F34447F1EB50}.Debug|Any CPU.Build.0 = Debug|Any CPU
		{CD08BD08-A6CD-4433-AC69-F34447F1EB50}.Release|Any CPU.ActiveCfg = Release|Any CPU
		{CD08BD08-A6CD-4433-AC69-F34447F1EB50}.Release|Any CPU.Build.0 = Release|Any CPU
		{83E1951E-A5C6-4E47-836B-3CDF60A98E8A}.Debug|Any CPU.ActiveCfg = Debug|Any CPU
		{83E1951E-A5C6-4E47-836B-3CDF60A98E8A}.Debug|Any CPU.Build.0 = Debug|Any CPU
		{83E1951E-A5C6-4E47-836B-3CDF60A98E8A}.Release|Any CPU.ActiveCfg = Release|Any CPU
		{83E1951E-A5C6-4E47-836B-3CDF60A98E8A}.Release|Any CPU.Build.0 = Release|Any CPU
		{58FE6D2E-06AB-4DB5-984F-C2FF222AECA0}.Debug|Any CPU.ActiveCfg = Debug|Any CPU
		{58FE6D2E-06AB-4DB5-984F-C2FF222AECA0}.Debug|Any CPU.Build.0 = Debug|Any CPU
		{58FE6D2E-06AB-4DB5-984F-C2FF222AECA0}.Release|Any CPU.ActiveCfg = Release|Any CPU
		{58FE6D2E-06AB-4DB5-984F-C2FF222AECA0}.Release|Any CPU.Build.0 = Release|Any CPU
		{47562ED0-E57B-420B-8B0B-8644614FFC6D}.Debug|Any CPU.ActiveCfg = Debug|Any CPU
		{47562ED0-E57B-420B-8B0B-8644614FFC6D}.Debug|Any CPU.Build.0 = Debug|Any CPU
		{47562ED0-E57B-420B-8B0B-8644614FFC6D}.Release|Any CPU.ActiveCfg = Release|Any CPU
		{47562ED0-E57B-420B-8B0B-8644614FFC6D}.Release|Any CPU.Build.0 = Release|Any CPU
		{C11F82A4-4E3C-41CE-83A6-4EFD9EC8D1C1}.Debug|Any CPU.ActiveCfg = Debug
		{C11F82A4-4E3C-41CE-83A6-4EFD9EC8D1C1}.Release|Any CPU.ActiveCfg = Release
		{A3BD13EF-821C-4937-A0AD-7FAF931909BC}.Debug|Any CPU.ActiveCfg = Debug|Any CPU
		{A3BD13EF-821C-4937-A0AD-7FAF931909BC}.Debug|Any CPU.Build.0 = Debug|Any CPU
		{A3BD13EF-821C-4937-A0AD-7FAF931909BC}.Release|Any CPU.ActiveCfg = Release|Any CPU
		{A3BD13EF-821C-4937-A0AD-7FAF931909BC}.Release|Any CPU.Build.0 = Release|Any CPU
		{4CE8FBA1-7C25-4C60-AFB2-D56407BAEFEA}.Debug|Any CPU.ActiveCfg = Debug|Any CPU
		{4CE8FBA1-7C25-4C60-AFB2-D56407BAEFEA}.Debug|Any CPU.Build.0 = Debug|Any CPU
		{4CE8FBA1-7C25-4C60-AFB2-D56407BAEFEA}.Release|Any CPU.ActiveCfg = Release|Any CPU
		{4CE8FBA1-7C25-4C60-AFB2-D56407BAEFEA}.Release|Any CPU.Build.0 = Release|Any CPU
	EndGlobalSection
	GlobalSection(SolutionProperties) = preSolution
		HideSolutionNode = FALSE
	EndGlobalSection
	GlobalSection(NestedProjects) = preSolution
		{CD08BD08-A6CD-4433-AC69-F34447F1EB50} = {DC2BFA49-AC20-45C7-BF61-F11AA139C12C}
		{83E1951E-A5C6-4E47-836B-3CDF60A98E8A} = {7C358F45-EDD7-4C72-BCB9-1EFE6FB53D71}
		{58FE6D2E-06AB-4DB5-984F-C2FF222AECA0} = {8F1C9ED5-4F16-4C82-BB0E-319A9D91F494}
		{0F0BD076-E2AF-43B5-9630-7A7072413723} = {334B0011-8B58-4DB3-8B37-D1DA8BE263CB}
		{47562ED0-E57B-420B-8B0B-8644614FFC6D} = {0F0BD076-E2AF-43B5-9630-7A7072413723}
		{A3BD13EF-821C-4937-A0AD-7FAF931909BC} = {5544D750-5B9D-491F-8855-0114B1DF7FBF}
		{2E4B0302-1DA2-459E-A15B-85419A0D507D} = {C0A1FDF9-6FA3-4B68-B233-C44C131553EC}
		{4CE8FBA1-7C25-4C60-AFB2-D56407BAEFEA} = {2E4B0302-1DA2-459E-A15B-85419A0D507D}
	EndGlobalSection
	GlobalSection(ExtensibilityGlobals) = postSolution
		SolutionGuid = {E4BA867B-43E5-4FCF-8033-1B8FC081DAF2}
	EndGlobalSection
EndGlobal
